// !$*UTF8*$!
{
	archiveVersion = 1;
	classes = {
	};
	objectVersion = 50;
	objects = {

/* Begin PBXBuildFile section */
		104FEF992151FB5F00E13CE8 /* AppDelegate.swift in Sources */ = {isa = PBXBuildFile; fileRef = 104FEF982151FB5F00E13CE8 /* AppDelegate.swift */; };
		104FEF9B2151FB5F00E13CE8 /* ViewController.swift in Sources */ = {isa = PBXBuildFile; fileRef = 104FEF9A2151FB5F00E13CE8 /* ViewController.swift */; };
		104FEF9E2151FB5F00E13CE8 /* Main.storyboard in Resources */ = {isa = PBXBuildFile; fileRef = 104FEF9C2151FB5F00E13CE8 /* Main.storyboard */; };
		104FEFA02151FB6200E13CE8 /* Assets.xcassets in Resources */ = {isa = PBXBuildFile; fileRef = 104FEF9F2151FB6200E13CE8 /* Assets.xcassets */; };
		104FEFA32151FB6200E13CE8 /* LaunchScreen.storyboard in Resources */ = {isa = PBXBuildFile; fileRef = 104FEFA12151FB6200E13CE8 /* LaunchScreen.storyboard */; };
		104FEFAE2151FB6200E13CE8 /* WebViewTests.swift in Sources */ = {isa = PBXBuildFile; fileRef = 104FEFAD2151FB6200E13CE8 /* WebViewTests.swift */; };
		104FEFB92151FB6200E13CE8 /* WebViewUITests.swift in Sources */ = {isa = PBXBuildFile; fileRef = 104FEFB82151FB6200E13CE8 /* WebViewUITests.swift */; };
/* End PBXBuildFile section */

/* Begin PBXContainerItemProxy section */
		104FEFAA2151FB6200E13CE8 /* PBXContainerItemProxy */ = {
			isa = PBXContainerItemProxy;
			containerPortal = 104FEF8D2151FB5F00E13CE8 /* Project object */;
			proxyType = 1;
			remoteGlobalIDString = 104FEF942151FB5F00E13CE8;
			remoteInfo = WebView;
		};
		104FEFB52151FB6200E13CE8 /* PBXContainerItemProxy */ = {
			isa = PBXContainerItemProxy;
			containerPortal = 104FEF8D2151FB5F00E13CE8 /* Project object */;
			proxyType = 1;
			remoteGlobalIDString = 104FEF942151FB5F00E13CE8;
			remoteInfo = WebView;
		};
/* End PBXContainerItemProxy section */

/* Begin PBXFileReference section */
		104FEF952151FB5F00E13CE8 /* WebView.app */ = {isa = PBXFileReference; explicitFileType = wrapper.application; includeInIndex = 0; path = WebView.app; sourceTree = BUILT_PRODUCTS_DIR; };
		104FEF982151FB5F00E13CE8 /* AppDelegate.swift */ = {isa = PBXFileReference; lastKnownFileType = sourcecode.swift; path = AppDelegate.swift; sourceTree = "<group>"; };
		104FEF9A2151FB5F00E13CE8 /* ViewController.swift */ = {isa = PBXFileReference; lastKnownFileType = sourcecode.swift; path = ViewController.swift; sourceTree = "<group>"; };
		104FEF9D2151FB5F00E13CE8 /* Base */ = {isa = PBXFileReference; lastKnownFileType = file.storyboard; name = Base; path = Base.lproj/Main.storyboard; sourceTree = "<group>"; };
		104FEF9F2151FB6200E13CE8 /* Assets.xcassets */ = {isa = PBXFileReference; lastKnownFileType = folder.assetcatalog; path = Assets.xcassets; sourceTree = "<group>"; };
		104FEFA22151FB6200E13CE8 /* Base */ = {isa = PBXFileReference; lastKnownFileType = file.storyboard; name = Base; path = Base.lproj/LaunchScreen.storyboard; sourceTree = "<group>"; };
		104FEFA42151FB6200E13CE8 /* Info.plist */ = {isa = PBXFileReference; lastKnownFileType = text.plist.xml; path = Info.plist; sourceTree = "<group>"; };
		104FEFA92151FB6200E13CE8 /* WebViewTests.xctest */ = {isa = PBXFileReference; explicitFileType = wrapper.cfbundle; includeInIndex = 0; path = WebViewTests.xctest; sourceTree = BUILT_PRODUCTS_DIR; };
		104FEFAD2151FB6200E13CE8 /* WebViewTests.swift */ = {isa = PBXFileReference; lastKnownFileType = sourcecode.swift; path = WebViewTests.swift; sourceTree = "<group>"; };
		104FEFAF2151FB6200E13CE8 /* Info.plist */ = {isa = PBXFileReference; lastKnownFileType = text.plist.xml; path = Info.plist; sourceTree = "<group>"; };
		104FEFB42151FB6200E13CE8 /* WebViewUITests.xctest */ = {isa = PBXFileReference; explicitFileType = wrapper.cfbundle; includeInIndex = 0; path = WebViewUITests.xctest; sourceTree = BUILT_PRODUCTS_DIR; };
		104FEFB82151FB6200E13CE8 /* WebViewUITests.swift */ = {isa = PBXFileReference; lastKnownFileType = sourcecode.swift; path = WebViewUITests.swift; sourceTree = "<group>"; };
		104FEFBA2151FB6200E13CE8 /* Info.plist */ = {isa = PBXFileReference; lastKnownFileType = text.plist.xml; path = Info.plist; sourceTree = "<group>"; };
/* End PBXFileReference section */

/* Begin PBXFrameworksBuildPhase section */
		104FEF922151FB5F00E13CE8 /* Frameworks */ = {
			isa = PBXFrameworksBuildPhase;
			buildActionMask = 2147483647;
			files = (
			);
			runOnlyForDeploymentPostprocessing = 0;
		};
		104FEFA62151FB6200E13CE8 /* Frameworks */ = {
			isa = PBXFrameworksBuildPhase;
			buildActionMask = 2147483647;
			files = (
			);
			runOnlyForDeploymentPostprocessing = 0;
		};
		104FEFB12151FB6200E13CE8 /* Frameworks */ = {
			isa = PBXFrameworksBuildPhase;
			buildActionMask = 2147483647;
			files = (
			);
			runOnlyForDeploymentPostprocessing = 0;
		};
/* End PBXFrameworksBuildPhase section */

/* Begin PBXGroup section */
		104FEF8C2151FB5F00E13CE8 = {
			isa = PBXGroup;
			children = (
				104FEF972151FB5F00E13CE8 /* WebView */,
				104FEFAC2151FB6200E13CE8 /* WebViewTests */,
				104FEFB72151FB6200E13CE8 /* WebViewUITests */,
				104FEF962151FB5F00E13CE8 /* Products */,
			);
			sourceTree = "<group>";
		};
		104FEF962151FB5F00E13CE8 /* Products */ = {
			isa = PBXGroup;
			children = (
				104FEF952151FB5F00E13CE8 /* WebView.app */,
				104FEFA92151FB6200E13CE8 /* WebViewTests.xctest */,
				104FEFB42151FB6200E13CE8 /* WebViewUITests.xctest */,
			);
			name = Products;
			sourceTree = "<group>";
		};
		104FEF972151FB5F00E13CE8 /* WebView */ = {
			isa = PBXGroup;
			children = (
				104FEF982151FB5F00E13CE8 /* AppDelegate.swift */,
				104FEF9A2151FB5F00E13CE8 /* ViewController.swift */,
				104FEF9C2151FB5F00E13CE8 /* Main.storyboard */,
				104FEF9F2151FB6200E13CE8 /* Assets.xcassets */,
				104FEFA12151FB6200E13CE8 /* LaunchScreen.storyboard */,
				104FEFA42151FB6200E13CE8 /* Info.plist */,
			);
			path = WebView;
			sourceTree = "<group>";
		};
		104FEFAC2151FB6200E13CE8 /* WebViewTests */ = {
			isa = PBXGroup;
			children = (
				104FEFAD2151FB6200E13CE8 /* WebViewTests.swift */,
				104FEFAF2151FB6200E13CE8 /* Info.plist */,
			);
			path = WebViewTests;
			sourceTree = "<group>";
		};
		104FEFB72151FB6200E13CE8 /* WebViewUITests */ = {
			isa = PBXGroup;
			children = (
				104FEFB82151FB6200E13CE8 /* WebViewUITests.swift */,
				104FEFBA2151FB6200E13CE8 /* Info.plist */,
			);
			path = WebViewUITests;
			sourceTree = "<group>";
		};
/* End PBXGroup section */

/* Begin PBXNativeTarget section */
		104FEF942151FB5F00E13CE8 /* WebView */ = {
			isa = PBXNativeTarget;
			buildConfigurationList = 104FEFBD2151FB6200E13CE8 /* Build configuration list for PBXNativeTarget "WebView" */;
			buildPhases = (
				104FEF912151FB5F00E13CE8 /* Sources */,
				104FEF922151FB5F00E13CE8 /* Frameworks */,
				104FEF932151FB5F00E13CE8 /* Resources */,
			);
			buildRules = (
			);
			dependencies = (
			);
			name = WebView;
			productName = WebView;
			productReference = 104FEF952151FB5F00E13CE8 /* WebView.app */;
			productType = "com.apple.product-type.application";
		};
		104FEFA82151FB6200E13CE8 /* WebViewTests */ = {
			isa = PBXNativeTarget;
			buildConfigurationList = 104FEFC02151FB6200E13CE8 /* Build configuration list for PBXNativeTarget "WebViewTests" */;
			buildPhases = (
				104FEFA52151FB6200E13CE8 /* Sources */,
				104FEFA62151FB6200E13CE8 /* Frameworks */,
				104FEFA72151FB6200E13CE8 /* Resources */,
			);
			buildRules = (
			);
			dependencies = (
				104FEFAB2151FB6200E13CE8 /* PBXTargetDependency */,
			);
			name = WebViewTests;
			productName = WebViewTests;
			productReference = 104FEFA92151FB6200E13CE8 /* WebViewTests.xctest */;
			productType = "com.apple.product-type.bundle.unit-test";
		};
		104FEFB32151FB6200E13CE8 /* WebViewUITests */ = {
			isa = PBXNativeTarget;
			buildConfigurationList = 104FEFC32151FB6200E13CE8 /* Build configuration list for PBXNativeTarget "WebViewUITests" */;
			buildPhases = (
				104FEFB02151FB6200E13CE8 /* Sources */,
				104FEFB12151FB6200E13CE8 /* Frameworks */,
				104FEFB22151FB6200E13CE8 /* Resources */,
			);
			buildRules = (
			);
			dependencies = (
				104FEFB62151FB6200E13CE8 /* PBXTargetDependency */,
			);
			name = WebViewUITests;
			productName = WebViewUITests;
			productReference = 104FEFB42151FB6200E13CE8 /* WebViewUITests.xctest */;
			productType = "com.apple.product-type.bundle.ui-testing";
		};
/* End PBXNativeTarget section */

/* Begin PBXProject section */
		104FEF8D2151FB5F00E13CE8 /* Project object */ = {
			isa = PBXProject;
			attributes = {
				LastSwiftUpdateCheck = 0940;
				LastUpgradeCheck = 0940;
				ORGANIZATIONNAME = Jeet;
				TargetAttributes = {
					104FEF942151FB5F00E13CE8 = {
						CreatedOnToolsVersion = 9.4.1;
					};
					104FEFA82151FB6200E13CE8 = {
						CreatedOnToolsVersion = 9.4.1;
						TestTargetID = 104FEF942151FB5F00E13CE8;
					};
					104FEFB32151FB6200E13CE8 = {
						CreatedOnToolsVersion = 9.4.1;
						TestTargetID = 104FEF942151FB5F00E13CE8;
					};
				};
			};
			buildConfigurationList = 104FEF902151FB5F00E13CE8 /* Build configuration list for PBXProject "WebView" */;
			compatibilityVersion = "Xcode 9.3";
			developmentRegion = en;
			hasScannedForEncodings = 0;
			knownRegions = (
				en,
				Base,
			);
			mainGroup = 104FEF8C2151FB5F00E13CE8;
			productRefGroup = 104FEF962151FB5F00E13CE8 /* Products */;
			projectDirPath = "";
			projectRoot = "";
			targets = (
				104FEF942151FB5F00E13CE8 /* WebView */,
				104FEFA82151FB6200E13CE8 /* WebViewTests */,
				104FEFB32151FB6200E13CE8 /* WebViewUITests */,
			);
		};
/* End PBXProject section */

/* Begin PBXResourcesBuildPhase section */
		104FEF932151FB5F00E13CE8 /* Resources */ = {
			isa = PBXResourcesBuildPhase;
			buildActionMask = 2147483647;
			files = (
				104FEFA32151FB6200E13CE8 /* LaunchScreen.storyboard in Resources */,
				104FEFA02151FB6200E13CE8 /* Assets.xcassets in Resources */,
				104FEF9E2151FB5F00E13CE8 /* Main.storyboard in Resources */,
			);
			runOnlyForDeploymentPostprocessing = 0;
		};
		104FEFA72151FB6200E13CE8 /* Resources */ = {
			isa = PBXResourcesBuildPhase;
			buildActionMask = 2147483647;
			files = (
			);
			runOnlyForDeploymentPostprocessing = 0;
		};
		104FEFB22151FB6200E13CE8 /* Resources */ = {
			isa = PBXResourcesBuildPhase;
			buildActionMask = 2147483647;
			files = (
			);
			runOnlyForDeploymentPostprocessing = 0;
		};
/* End PBXResourcesBuildPhase section */

/* Begin PBXSourcesBuildPhase section */
		104FEF912151FB5F00E13CE8 /* Sources */ = {
			isa = PBXSourcesBuildPhase;
			buildActionMask = 2147483647;
			files = (
				104FEF9B2151FB5F00E13CE8 /* ViewController.swift in Sources */,
				104FEF992151FB5F00E13CE8 /* AppDelegate.swift in Sources */,
			);
			runOnlyForDeploymentPostprocessing = 0;
		};
		104FEFA52151FB6200E13CE8 /* Sources */ = {
			isa = PBXSourcesBuildPhase;
			buildActionMask = 2147483647;
			files = (
				104FEFAE2151FB6200E13CE8 /* WebViewTests.swift in Sources */,
			);
			runOnlyForDeploymentPostprocessing = 0;
		};
		104FEFB02151FB6200E13CE8 /* Sources */ = {
			isa = PBXSourcesBuildPhase;
			buildActionMask = 2147483647;
			files = (
				104FEFB92151FB6200E13CE8 /* WebViewUITests.swift in Sources */,
			);
			runOnlyForDeploymentPostprocessing = 0;
		};
/* End PBXSourcesBuildPhase section */

/* Begin PBXTargetDependency section */
		104FEFAB2151FB6200E13CE8 /* PBXTargetDependency */ = {
			isa = PBXTargetDependency;
			target = 104FEF942151FB5F00E13CE8 /* WebView */;
			targetProxy = 104FEFAA2151FB6200E13CE8 /* PBXContainerItemProxy */;
		};
		104FEFB62151FB6200E13CE8 /* PBXTargetDependency */ = {
			isa = PBXTargetDependency;
			target = 104FEF942151FB5F00E13CE8 /* WebView */;
			targetProxy = 104FEFB52151FB6200E13CE8 /* PBXContainerItemProxy */;
		};
/* End PBXTargetDependency section */

/* Begin PBXVariantGroup section */
		104FEF9C2151FB5F00E13CE8 /* Main.storyboard */ = {
			isa = PBXVariantGroup;
			children = (
				104FEF9D2151FB5F00E13CE8 /* Base */,
			);
			name = Main.storyboard;
			sourceTree = "<group>";
		};
		104FEFA12151FB6200E13CE8 /* LaunchScreen.storyboard */ = {
			isa = PBXVariantGroup;
			children = (
				104FEFA22151FB6200E13CE8 /* Base */,
			);
			name = LaunchScreen.storyboard;
			sourceTree = "<group>";
		};
/* End PBXVariantGroup section */

/* Begin XCBuildConfiguration section */
		104FEFBB2151FB6200E13CE8 /* Debug */ = {
			isa = XCBuildConfiguration;
			buildSettings = {
				ALWAYS_SEARCH_USER_PATHS = NO;
				CLANG_ANALYZER_NONNULL = YES;
				CLANG_ANALYZER_NUMBER_OBJECT_CONVERSION = YES_AGGRESSIVE;
				CLANG_CXX_LANGUAGE_STANDARD = "gnu++14";
				CLANG_CXX_LIBRARY = "libc++";
				CLANG_ENABLE_MODULES = YES;
				CLANG_ENABLE_OBJC_ARC = YES;
				CLANG_ENABLE_OBJC_WEAK = YES;
				CLANG_WARN_BLOCK_CAPTURE_AUTORELEASING = YES;
				CLANG_WARN_BOOL_CONVERSION = YES;
				CLANG_WARN_COMMA = YES;
				CLANG_WARN_CONSTANT_CONVERSION = YES;
				CLANG_WARN_DEPRECATED_OBJC_IMPLEMENTATIONS = YES;
				CLANG_WARN_DIRECT_OBJC_ISA_USAGE = YES_ERROR;
				CLANG_WARN_DOCUMENTATION_COMMENTS = YES;
				CLANG_WARN_EMPTY_BODY = YES;
				CLANG_WARN_ENUM_CONVERSION = YES;
				CLANG_WARN_INFINITE_RECURSION = YES;
				CLANG_WARN_INT_CONVERSION = YES;
				CLANG_WARN_NON_LITERAL_NULL_CONVERSION = YES;
				CLANG_WARN_OBJC_IMPLICIT_RETAIN_SELF = YES;
				CLANG_WARN_OBJC_LITERAL_CONVERSION = YES;
				CLANG_WARN_OBJC_ROOT_CLASS = YES_ERROR;
				CLANG_WARN_RANGE_LOOP_ANALYSIS = YES;
				CLANG_WARN_STRICT_PROTOTYPES = YES;
				CLANG_WARN_SUSPICIOUS_MOVE = YES;
				CLANG_WARN_UNGUARDED_AVAILABILITY = YES_AGGRESSIVE;
				CLANG_WARN_UNREACHABLE_CODE = YES;
				CLANG_WARN__DUPLICATE_METHOD_MATCH = YES;
				CODE_SIGN_IDENTITY = "iPhone Developer";
				COPY_PHASE_STRIP = NO;
				DEBUG_INFORMATION_FORMAT = dwarf;
				ENABLE_STRICT_OBJC_MSGSEND = YES;
				ENABLE_TESTABILITY = YES;
				GCC_C_LANGUAGE_STANDARD = gnu11;
				GCC_DYNAMIC_NO_PIC = NO;
				GCC_NO_COMMON_BLOCKS = YES;
				GCC_OPTIMIZATION_LEVEL = 0;
				GCC_PREPROCESSOR_DEFINITIONS = (
					"DEBUG=1",
					"$(inherited)",
				);
				GCC_WARN_64_TO_32_BIT_CONVERSION = YES;
				GCC_WARN_ABOUT_RETURN_TYPE = YES_ERROR;
				GCC_WARN_UNDECLARED_SELECTOR = YES;
				GCC_WARN_UNINITIALIZED_AUTOS = YES_AGGRESSIVE;
				GCC_WARN_UNUSED_FUNCTION = YES;
				GCC_WARN_UNUSED_VARIABLE = YES;
				IPHONEOS_DEPLOYMENT_TARGET = 11.4;
				MTL_ENABLE_DEBUG_INFO = YES;
				ONLY_ACTIVE_ARCH = YES;
				SDKROOT = iphoneos;
				SWIFT_ACTIVE_COMPILATION_CONDITIONS = DEBUG;
				SWIFT_OPTIMIZATION_LEVEL = "-Onone";
			};
			name = Debug;
		};
		104FEFBC2151FB6200E13CE8 /* Release */ = {
			isa = XCBuildConfiguration;
			buildSettings = {
				ALWAYS_SEARCH_USER_PATHS = NO;
				CLANG_ANALYZER_NONNULL = YES;
				CLANG_ANALYZER_NUMBER_OBJECT_CONVERSION = YES_AGGRESSIVE;
				CLANG_CXX_LANGUAGE_STANDARD = "gnu++14";
				CLANG_CXX_LIBRARY = "libc++";
				CLANG_ENABLE_MODULES = YES;
				CLANG_ENABLE_OBJC_ARC = YES;
				CLANG_ENABLE_OBJC_WEAK = YES;
				CLANG_WARN_BLOCK_CAPTURE_AUTORELEASING = YES;
				CLANG_WARN_BOOL_CONVERSION = YES;
				CLANG_WARN_COMMA = YES;
				CLANG_WARN_CONSTANT_CONVERSION = YES;
				CLANG_WARN_DEPRECATED_OBJC_IMPLEMENTATIONS = YES;
				CLANG_WARN_DIRECT_OBJC_ISA_USAGE = YES_ERROR;
				CLANG_WARN_DOCUMENTATION_COMMENTS = YES;
				CLANG_WARN_EMPTY_BODY = YES;
				CLANG_WARN_ENUM_CONVERSION = YES;
				CLANG_WARN_INFINITE_RECURSION = YES;
				CLANG_WARN_INT_CONVERSION = YES;
				CLANG_WARN_NON_LITERAL_NULL_CONVERSION = YES;
				CLANG_WARN_OBJC_IMPLICIT_RETAIN_SELF = YES;
				CLANG_WARN_OBJC_LITERAL_CONVERSION = YES;
				CLANG_WARN_OBJC_ROOT_CLASS = YES_ERROR;
				CLANG_WARN_RANGE_LOOP_ANALYSIS = YES;
				CLANG_WARN_STRICT_PROTOTYPES = YES;
				CLANG_WARN_SUSPICIOUS_MOVE = YES;
				CLANG_WARN_UNGUARDED_AVAILABILITY = YES_AGGRESSIVE;
				CLANG_WARN_UNREACHABLE_CODE = YES;
				CLANG_WARN__DUPLICATE_METHOD_MATCH = YES;
				CODE_SIGN_IDENTITY = "iPhone Developer";
				COPY_PHASE_STRIP = NO;
				DEBUG_INFORMATION_FORMAT = "dwarf-with-dsym";
				ENABLE_NS_ASSERTIONS = NO;
				ENABLE_STRICT_OBJC_MSGSEND = YES;
				GCC_C_LANGUAGE_STANDARD = gnu11;
				GCC_NO_COMMON_BLOCKS = YES;
				GCC_WARN_64_TO_32_BIT_CONVERSION = YES;
				GCC_WARN_ABOUT_RETURN_TYPE = YES_ERROR;
				GCC_WARN_UNDECLARED_SELECTOR = YES;
				GCC_WARN_UNINITIALIZED_AUTOS = YES_AGGRESSIVE;
				GCC_WARN_UNUSED_FUNCTION = YES;
				GCC_WARN_UNUSED_VARIABLE = YES;
				IPHONEOS_DEPLOYMENT_TARGET = 11.4;
				MTL_ENABLE_DEBUG_INFO = NO;
				SDKROOT = iphoneos;
				SWIFT_COMPILATION_MODE = wholemodule;
				SWIFT_OPTIMIZATION_LEVEL = "-O";
				VALIDATE_PRODUCT = YES;
			};
			name = Release;
		};
		104FEFBE2151FB6200E13CE8 /* Debug */ = {
			isa = XCBuildConfiguration;
			buildSettings = {
				ASSETCATALOG_COMPILER_APPICON_NAME = AppIcon;
				CODE_SIGN_STYLE = Automatic;
				INFOPLIST_FILE = WebView/Info.plist;
				LD_RUNPATH_SEARCH_PATHS = (
					"$(inherited)",
					"@executable_path/Frameworks",
				);
				PRODUCT_BUNDLE_IDENTIFIER = a.WebView;
				PRODUCT_NAME = "$(TARGET_NAME)";
				SWIFT_VERSION = 4.0;
				TARGETED_DEVICE_FAMILY = "1,2";
			};
			name = Debug;
		};
		104FEFBF2151FB6200E13CE8 /* Release */ = {
			isa = XCBuildConfiguration;
			buildSettings = {
				ASSETCATALOG_COMPILER_APPICON_NAME = AppIcon;
				CODE_SIGN_STYLE = Automatic;
				INFOPLIST_FILE = WebView/Info.plist;
				LD_RUNPATH_SEARCH_PATHS = (
					"$(inherited)",
					"@executable_path/Frameworks",
				);
				PRODUCT_BUNDLE_IDENTIFIER = a.WebView;
				PRODUCT_NAME = "$(TARGET_NAME)";
				SWIFT_VERSION = 4.0;
				TARGETED_DEVICE_FAMILY = "1,2";
			};
			name = Release;
		};
		104FEFC12151FB6200E13CE8 /* Debug */ = {
			isa = XCBuildConfiguration;
			buildSettings = {
				ALWAYS_EMBED_SWIFT_STANDARD_LIBRARIES = YES;
				BUNDLE_LOADER = "$(TEST_HOST)";
				CODE_SIGN_STYLE = Automatic;
				INFOPLIST_FILE = WebViewTests/Info.plist;
				LD_RUNPATH_SEARCH_PATHS = (
					"$(inherited)",
					"@executable_path/Frameworks",
					"@loader_path/Frameworks",
				);
				PRODUCT_BUNDLE_IDENTIFIER = a.WebViewTests;
				PRODUCT_NAME = "$(TARGET_NAME)";
				SWIFT_VERSION = 4.0;
				TARGETED_DEVICE_FAMILY = "1,2";
				TEST_HOST = "$(BUILT_PRODUCTS_DIR)/WebView.app/WebView";
			};
			name = Debug;
		};
		104FEFC22151FB6200E13CE8 /* Release */ = {
			isa = XCBuildConfiguration;
			buildSettings = {
				ALWAYS_EMBED_SWIFT_STANDARD_LIBRARIES = YES;
				BUNDLE_LOADER = "$(TEST_HOST)";
				CODE_SIGN_STYLE = Automatic;
				INFOPLIST_FILE = WebViewTests/Info.plist;
				LD_RUNPATH_SEARCH_PATHS = (
					"$(inherited)",
					"@executable_path/Frameworks",
					"@loader_path/Frameworks",
				);
				PRODUCT_BUNDLE_IDENTIFIER = a.WebViewTests;
				PRODUCT_NAME = "$(TARGET_NAME)";
				SWIFT_VERSION = 4.0;
				TARGETED_DEVICE_FAMILY = "1,2";
				TEST_HOST = "$(BUILT_PRODUCTS_DIR)/WebView.app/WebView";
			};
			name = Release;
		};
		104FEFC42151FB6200E13CE8 /* Debug */ = {
			isa = XCBuildConfiguration;
			buildSettings = {
				ALWAYS_EMBED_SWIFT_STANDARD_LIBRARIES = YES;
				CODE_SIGN_STYLE = Automatic;
				INFOPLIST_FILE = WebViewUITests/Info.plist;
				LD_RUNPATH_SEARCH_PATHS = (
					"$(inherited)",
					"@executable_path/Frameworks",
					"@loader_path/Frameworks",
				);
				PRODUCT_BUNDLE_IDENTIFIER = a.WebViewUITests;
				PRODUCT_NAME = "$(TARGET_NAME)";
				SWIFT_VERSION = 4.0;
				TARGETED_DEVICE_FAMILY = "1,2";
				TEST_TARGET_NAME = WebView;
			};
			name = Debug;
		};
		104FEFC52151FB6200E13CE8 /* Release */ = {
			isa = XCBuildConfiguration;
			buildSettings = {
				ALWAYS_EMBED_SWIFT_STANDARD_LIBRARIES = YES;
				CODE_SIGN_STYLE = Automatic;
				INFOPLIST_FILE = WebViewUITests/Info.plist;
				LD_RUNPATH_SEARCH_PATHS = (
					"$(inherited)",
					"@executable_path/Frameworks",
					"@loader_path/Frameworks",
				);
				PRODUCT_BUNDLE_IDENTIFIER = a.WebViewUITests;
				PRODUCT_NAME = "$(TARGET_NAME)";
				SWIFT_VERSION = 4.0;
				TARGETED_DEVICE_FAMILY = "1,2";
				TEST_TARGET_NAME = WebView;
			};
			name = Release;
		};
/* End XCBuildConfiguration section */

/* Begin XCConfigurationList section */
		104FEF902151FB5F00E13CE8 /* Build configuration list for PBXProject "WebView" */ = {
			isa = XCConfigurationList;
			buildConfigurations = (
				104FEFBB2151FB6200E13CE8 /* Debug */,
				104FEFBC2151FB6200E13CE8 /* Release */,
			);
			defaultConfigurationIsVisible = 0;
			defaultConfigurationName = Release;
		};
		104FEFBD2151FB6200E13CE8 /* Build configuration list for PBXNativeTarget "WebView" */ = {
			isa = XCConfigurationList;
			buildConfigurations = (
				104FEFBE2151FB6200E13CE8 /* Debug */,
				104FEFBF2151FB6200E13CE8 /* Release */,
			);
			defaultConfigurationIsVisible = 0;
			defaultConfigurationName = Release;
		};
		104FEFC02151FB6200E13CE8 /* Build configuration list for PBXNativeTarget "WebViewTests" */ = {
			isa = XCConfigurationList;
			buildConfigurations = (
				104FEFC12151FB6200E13CE8 /* Debug */,
				104FEFC22151FB6200E13CE8 /* Release */,
			);
			defaultConfigurationIsVisible = 0;
			defaultConfigurationName = Release;
		};
		104FEFC32151FB6200E13CE8 /* Build configuration list for PBXNativeTarget "WebViewUITests" */ = {
			isa = XCConfigurationList;
			buildConfigurations = (
				104FEFC42151FB6200E13CE8 /* Debug */,
				104FEFC52151FB6200E13CE8 /* Release */,
			);
			defaultConfigurationIsVisible = 0;
			defaultConfigurationName = Release;
		};
/* End XCConfigurationList section */
	};
	rootObject = 104FEF8D2151FB5F00E13CE8 /* Project object */;
}
